
Microsoft Visual Studio Solution File, Format Version 12.00
# Visual Studio Version 16
VisualStudioVersion = 16.0.31313.381
MinimumVisualStudioVersion = 10.0.40219.1
Project("{9A19103F-16F7-4668-BE54-9A1E7A4F7556}") = "BuildNumbersInAzurePipelineArtifactsExample", "BuildNumbersInAzurePipelineArtifactsExample\BuildNumbersInAzurePipelineArtifactsExample.csproj", "{09AA9689-D5AB-4031-8223-777074DC6490}"
EndProject
Project("{2150E333-8FDC-42A3-9474-1A3956D46DE8}") = "Solution Items", "Solution Items", "{F18C1D2B-AA02-455E-B958-B6D193DD2209}"
	ProjectSection(SolutionItems) = preProject
		azure-pipeline.yml = azure-pipeline.yml
		README.md = README.md
	EndProjectSection
EndProject
Global
	GlobalSection(SolutionConfigurationPlatforms) = preSolution
		Debug|Any CPU = Debug|Any CPU
		Release|Any CPU = Release|Any CPU
	EndGlobalSection
	GlobalSection(ProjectConfigurationPlatforms) = postSolution
		{09AA9689-D5AB-4031-8223-777074DC6490}.Debug|Any CPU.ActiveCfg = Debug|Any CPU
		{09AA9689-D5AB-4031-8223-777074DC6490}.Debug|Any CPU.Build.0 = Debug|Any CPU
		{09AA9689-D5AB-4031-8223-777074DC6490}.Release|Any CPU.ActiveCfg = Release|Any CPU
		{09AA9689-D5AB-4031-8223-777074DC6490}.Release|Any CPU.Build.0 = Release|Any CPU
	EndGlobalSection
	GlobalSection(SolutionProperties) = preSolution
		HideSolutionNode = FALSE
	EndGlobalSection
	GlobalSection(ExtensibilityGlobals) = postSolution
		SolutionGuid = {7115C3D3-4141-4596-84E9-080466AAD238}
	EndGlobalSection
EndGlobal
